
Microsoft Visual Studio Solution File, Format Version 12.00
# Visual Studio Version 16
VisualStudioVersion = 16.0.31624.102
MinimumVisualStudioVersion = 10.0.40219.1
Project("{8BC9CEB8-8B4A-11D0-8D11-00A0C91BC942}") = "ConsoleApplication1", "ConsoleApplication1\ConsoleApplication1.vcxproj", "{51D66AE5-D7E0-4372-95FB-79FFFB3C7DA9}"
EndProject
Global
	GlobalSection(SolutionConfigurationPlatforms) = preSolution
		Debug|x64 = Debug|x64
		Debug|x86 = Debug|x86
		Release|x64 = Release|x64
		Release|x86 = Release|x86
	EndGlobalSection
	GlobalSection(ProjectConfigurationPlatforms) = postSolution
		{51D66AE5-D7E0-4372-95FB-79FFFB3C7DA9}.Debug|x64.ActiveCfg = Debug|x64
		{51D66AE5-D7E0-4372-95FB-79FFFB3C7DA9}.Debug|x64.Build.0 = Debug|x64
		{51D66AE5-D7E0-4372-95FB-79FFFB3C7DA9}.Debug|x86.ActiveCfg = Debug|Win32
		{51D66AE5-D7E0-4372-95FB-79FFFB3C7DA9}.Debug|x86.Build.0 = Debug|Win32
		{51D66AE5-D7E0-4372-95FB-79FFFB3C7DA9}.Release|x64.ActiveCfg = Release|x64
		{51D66AE5-D7E0-4372-95FB-79FFFB3C7DA9}.Release|x64.Build.0 = Release|x64
		{51D66AE5-D7E0-4372-95FB-79FFFB3C7DA9}.Release|x86.ActiveCfg = Release|Win32
		{51D66AE5-D7E0-4372-95FB-79FFFB3C7DA9}.Release|x86.Build.0 = Release|Win32
	EndGlobalSection
	GlobalSection(SolutionProperties) = preSolution
		HideSolutionNode = FALSE
	EndGlobalSection
	GlobalSection(ExtensibilityGlobals) = postSolution
		SolutionGuid = {CDA981AF-ADB6-4584-B9A9-95EB0F0CA2FC}
	EndGlobalSection
EndGlobal
